
Microsoft Visual Studio Solution File, Format Version 12.00
# Visual Studio Version 17
VisualStudioVersion = 17.7.34031.279
MinimumVisualStudioVersion = 10.0.40219.1
Project("{8BC9CEB8-8B4A-11D0-8D11-00A0C91BC942}") = "L5_2_static", "L5_2_static\L5_2_static.vcxproj", "{BA5A0C11-FF0B-4B93-A134-E16EB4B74851}"
EndProject
Global
	GlobalSection(SolutionConfigurationPlatforms) = preSolution
		Debug|x64 = Debug|x64
		Debug|x86 = Debug|x86
		Release|x64 = Release|x64
		Release|x86 = Release|x86
	EndGlobalSection
	GlobalSection(ProjectConfigurationPlatforms) = postSolution
		{BA5A0C11-FF0B-4B93-A134-E16EB4B74851}.Debug|x64.ActiveCfg = Debug|x64
		{BA5A0C11-FF0B-4B93-A134-E16EB4B74851}.Debug|x64.Build.0 = Debug|x64
		{BA5A0C11-FF0B-4B93-A134-E16EB4B74851}.Debug|x86.ActiveCfg = Debug|Win32
		{BA5A0C11-FF0B-4B93-A134-E16EB4B74851}.Debug|x86.Build.0 = Debug|Win32
		{BA5A0C11-FF0B-4B93-A134-E16EB4B74851}.Release|x64.ActiveCfg = Release|x64
		{BA5A0C11-FF0B-4B93-A134-E16EB4B74851}.Release|x64.Build.0 = Release|x64
		{BA5A0C11-FF0B-4B93-A134-E16EB4B74851}.Release|x86.ActiveCfg = Release|Win32
		{BA5A0C11-FF0B-4B93-A134-E16EB4B74851}.Release|x86.Build.0 = Release|Win32
	EndGlobalSection
	GlobalSection(SolutionProperties) = preSolution
		HideSolutionNode = FALSE
	EndGlobalSection
	GlobalSection(ExtensibilityGlobals) = postSolution
		SolutionGuid = {1AE9C381-B57C-4BB2-870C-03C874C8F434}
	EndGlobalSection
EndGlobal
